<?xml version="1.0" encoding="utf-8"?>
<Project ToolsVersion="4.0" xmlns="http://schemas.microsoft.com/developer/msbuild/2003">
  <ItemGroup>
    <Filter Include="Fichiers sources">
      <UniqueIdentifier>{4FC737F1-C7A5-4376-A066-2A32D752A2FF}</UniqueIdentifier>
      <Extensions>cpp;c;cc;cxx;c++;cppm;ixx;def;odl;idl;hpj;bat;asm;asmx</Extensions>
    </Filter>
    <Filter Include="Fichiers d%27en-tête">
      <UniqueIdentifier>{93995380-89BD-4b04-88EB-625FBE52EBFB}</UniqueIdentifier>
      <Extensions>h;hh;hpp;hxx;h++;hm;inl;inc;ipp;xsd</Extensions>
    </Filter>
    <Filter Include="Fichiers de ressources">
      <UniqueIdentifier>{67DA6AB6-F800-4c08-8B7A-83BB121AAD01}</UniqueIdentifier>
      <Extensions>rc;ico;cur;bmp;dlg;rc2;rct;bin;rgs;gif;jpg;jpeg;jpe;resx;tiff;tif;png;wav;mfcribbon-ms</Extensions>
    </Filter>
    <Filter Include="Fichiers d%27en-tête\Core">
      <UniqueIdentifier>{dd94bcdf-9804-48fa-bb3c-293729feb8f7}</UniqueIdentifier>
    </Filter>
    <Filter Include="Fichiers sources\Core">
      <UniqueIdentifier>{d9421010-7b09-41e0-ba7e-62eb533b7bbd}</UniqueIdentifier>
    </Filter>
    <Filter Include="Fichiers d%27en-tête\Entities">
      <UniqueIdentifier>{d8ab87bf-1688-42ef-8142-d2e08378678f}</UniqueIdentifier>
    </Filter>
    <Filter Include="Fichiers sources\Entities">
      <UniqueIdentifier>{e1656f41-2233-43da-9008-e7c6215a4f6b}</UniqueIdentifier>
    </Filter>
    <Filter Include="Fichiers d%27en-tête\World">
      <UniqueIdentifier>{167f7266-86d2-499b-9f3d-f222a17f377c}</UniqueIdentifier>
    </Filter>
    <Filter Include="Fichiers sources\World">
      <UniqueIdentifier>{675c6d15-51ee-4363-b8be-97b27e04a508}</UniqueIdentifier>
    </Filter>
    <Filter Include="Fichiers sources\World\Tiles">
      <UniqueIdentifier>{c1d838fb-e018-4cc3-b488-3c17e4df64b7}</UniqueIdentifier>
    </Filter>
    <Filter Include="Fichiers d%27en-tête\World\Tiles">
      <UniqueIdentifier>{31dd29a7-dbe0-4893-95ea-a1be4dd45e80}</UniqueIdentifier>
    </Filter>
    <Filter Include="Fichiers d%27en-tête\Utility">
      <UniqueIdentifier>{0f83485e-d080-461b-bde1-5bb82a95979b}</UniqueIdentifier>
    </Filter>
    <Filter Include="Fichiers sources\Utility">
      <UniqueIdentifier>{78032462-bbd0-411f-ac7f-11c1025e9283}</UniqueIdentifier>
    </Filter>
    <Filter Include="Fichiers sources\Entities\Turrets">
      <UniqueIdentifier>{693bd5a0-2954-4df5-bbb3-d357161fd6de}</UniqueIdentifier>
    </Filter>
    <Filter Include="Fichiers d%27en-tête\Entities\Turrets">
      <UniqueIdentifier>{b86b6b37-c03f-4719-8eef-5367d1210b67}</UniqueIdentifier>
    </Filter>
    <Filter Include="Fichiers d%27en-tête\Entities\Buildings">
      <UniqueIdentifier>{baffe3e7-b3bb-45e5-9323-6c3db72e139d}</UniqueIdentifier>
    </Filter>
    <Filter Include="Fichiers sources\Entities\Buildings">
      <UniqueIdentifier>{0caa09d4-9313-4b92-b359-4a53083ad113}</UniqueIdentifier>
    </Filter>
    <Filter Include="Fichiers d%27en-tête\Entities\Enemis">
      <UniqueIdentifier>{25cacc88-6648-4eb6-a8fb-955ea47d790c}</UniqueIdentifier>
    </Filter>
    <Filter Include="Fichiers sources\Entities\Enemis">
      <UniqueIdentifier>{ffc4b78b-0c9b-4750-b09a-0dd1a2dfe906}</UniqueIdentifier>
    </Filter>
  </ItemGroup>
  <ItemGroup>
    <ClCompile Include="Main.cpp">
      <Filter>Fichiers sources</Filter>
    </ClCompile>
    <ClCompile Include="Common.cpp">
      <Filter>Fichiers sources\Core</Filter>
    </ClCompile>
    <ClCompile Include="Entity.cpp">
      <Filter>Fichiers sources\Entities</Filter>
    </ClCompile>
    <ClCompile Include="Camera.cpp">
      <Filter>Fichiers sources\Core</Filter>
    </ClCompile>
    <ClCompile Include="GameManager.cpp">
      <Filter>Fichiers sources\Core</Filter>
    </ClCompile>
    <ClCompile Include="World.cpp">
      <Filter>Fichiers sources\World</Filter>
    </ClCompile>
    <ClCompile Include="Tile.cpp">
      <Filter>Fichiers sources\World\Tiles</Filter>
    </ClCompile>
    <ClCompile Include="Animation.cpp">
      <Filter>Fichiers sources\Utility</Filter>
    </ClCompile>
    <ClCompile Include="LivingEntity.cpp">
      <Filter>Fichiers sources\Entities</Filter>
    </ClCompile>
    <ClCompile Include="Player.cpp">
      <Filter>Fichiers sources\Entities</Filter>
    </ClCompile>
    <ClCompile Include="TextRenderer.cpp">
      <Filter>Fichiers sources\Utility</Filter>
    </ClCompile>
    <ClCompile Include="House.cpp">
      <Filter>Fichiers sources\Entities\Buildings</Filter>
    </ClCompile>
    <ClCompile Include="Garage.cpp">
      <Filter>Fichiers sources\Entities\Buildings</Filter>
    </ClCompile>
    <ClCompile Include="Hangar.cpp">
      <Filter>Fichiers sources\Entities\Buildings</Filter>
    </ClCompile>
    <ClCompile Include="Pigfarm.cpp">
      <Filter>Fichiers sources\Entities\Buildings</Filter>
    </ClCompile>
    <ClCompile Include="Barn.cpp">
      <Filter>Fichiers sources\Entities\Buildings</Filter>
    </ClCompile>
    <ClCompile Include="BaseTurret.cpp">
      <Filter>Fichiers sources\Entities\Turrets</Filter>
    </ClCompile>
    <ClCompile Include="LMGTurret.cpp">
      <Filter>Fichiers sources\Entities\Turrets</Filter>
    </ClCompile>
    <ClCompile Include="Bullet.cpp">
      <Filter>Fichiers sources\Entities\Turrets</Filter>
    </ClCompile>
    <ClCompile Include="MathUtil.cpp">
      <Filter>Fichiers sources\Utility</Filter>
    </ClCompile>
    <ClCompile Include="TextureManager.cpp">
      <Filter>Fichiers sources\Utility</Filter>
    </ClCompile>
    <ClCompile Include="Enemy.cpp">
      <Filter>Fichiers sources\Entities\Enemis</Filter>
    </ClCompile>
    <ClCompile Include="Regular.cpp">
      <Filter>Fichiers sources\Entities\Enemis</Filter>
    </ClCompile>
  </ItemGroup>
  <ItemGroup>
    <ClInclude Include="Common.hpp">
      <Filter>Fichiers d%27en-tête\Core</Filter>
    </ClInclude>
    <ClInclude Include="Entity.hpp">
      <Filter>Fichiers d%27en-tête\Entities</Filter>
    </ClInclude>
    <ClInclude Include="Camera.hpp">
      <Filter>Fichiers d%27en-tête\Core</Filter>
    </ClInclude>
    <ClInclude Include="World.hpp">
      <Filter>Fichiers d%27en-tête\World</Filter>
    </ClInclude>
    <ClInclude Include="GameManager.hpp">
      <Filter>Fichiers d%27en-tête\Core</Filter>
    </ClInclude>
    <ClInclude Include="Tile.hpp">
      <Filter>Fichiers d%27en-tête\World\Tiles</Filter>
    </ClInclude>
    <ClInclude Include="Animation.hpp">
      <Filter>Fichiers d%27en-tête\Utility</Filter>
    </ClInclude>
    <ClInclude Include="Player.hpp">
      <Filter>Fichiers d%27en-tête\Entities</Filter>
    </ClInclude>
    <ClInclude Include="LivingEntity.hpp">
      <Filter>Fichiers d%27en-tête\Entities</Filter>
    </ClInclude>
    <ClInclude Include="MathUtil.hpp">
      <Filter>Fichiers d%27en-tête\Utility</Filter>
    </ClInclude>
    <ClInclude Include="TextRenderer.hpp">
      <Filter>Fichiers d%27en-tête\Utility</Filter>
    </ClInclude>
    <ClInclude Include="House.hpp">
      <Filter>Fichiers d%27en-tête\Entities\Buildings</Filter>
    </ClInclude>
    <ClInclude Include="Garage.hpp">
      <Filter>Fichiers d%27en-tête\Entities\Buildings</Filter>
    </ClInclude>
    <ClInclude Include="Hangar.hpp">
      <Filter>Fichiers d%27en-tête\Entities\Buildings</Filter>
    </ClInclude>
    <ClInclude Include="Pigfarm.hpp">
      <Filter>Fichiers d%27en-tête\Entities\Buildings</Filter>
    </ClInclude>
    <ClInclude Include="Barn.hpp">
      <Filter>Fichiers d%27en-tête\Entities\Buildings</Filter>
    </ClInclude>
    <ClInclude Include="BaseTurret.hpp">
      <Filter>Fichiers d%27en-tête\Entities\Turrets</Filter>
    </ClInclude>
    <ClInclude Include="Bullet.hpp">
      <Filter>Fichiers d%27en-tête\Entities\Turrets</Filter>
    </ClInclude>
    <ClInclude Include="Building.hpp">
      <Filter>Fichiers d%27en-tête\Entities\Buildings</Filter>
    </ClInclude>
    <ClInclude Include="LMGTurret.hpp">
      <Filter>Fichiers d%27en-tête\Entities\Turrets</Filter>
    </ClInclude>
    <ClInclude Include="TextureManager.hpp">
      <Filter>Fichiers d%27en-tête\Utility</Filter>
    </ClInclude>
    <ClInclude Include="Enemy.hpp">
      <Filter>Fichiers d%27en-tête\Entities\Enemis</Filter>
    </ClInclude>
    <ClInclude Include="Regular.hpp">
      <Filter>Fichiers d%27en-tête</Filter>
    </ClInclude>
  </ItemGroup>
</Project>